
Microsoft Visual Studio Solution File, Format Version 12.00
# Visual Studio 2012
Project("{8BC9CEB8-8B4A-11D0-8D11-00A0C91BC942}") = "cbd_util", "cbd_util\cbd_util.vcxproj", "{38DE3BE7-21AC-4F10-8937-15B50883059B}"
EndProject
Global
	GlobalSection(SolutionConfigurationPlatforms) = preSolution
		Debug|Win32 = Debug|Win32
		Release|Win32 = Release|Win32
	EndGlobalSection
	GlobalSection(ProjectConfigurationPlatforms) = postSolution
		{38DE3BE7-21AC-4F10-8937-15B50883059B}.Debug|Win32.ActiveCfg = Debug|Win32
		{38DE3BE7-21AC-4F10-8937-15B50883059B}.Debug|Win32.Build.0 = Debug|Win32
		{38DE3BE7-21AC-4F10-8937-15B50883059B}.Release|Win32.ActiveCfg = Release|Win32
		{38DE3BE7-21AC-4F10-8937-15B50883059B}.Release|Win32.Build.0 = Release|Win32
	EndGlobalSection
	GlobalSection(SolutionProperties) = preSolution
		HideSolutionNode = FALSE
	EndGlobalSection
EndGlobal
